{
  "version": 4,
  "terraform_version": "1.0.8",
  "serial": 3,
  "lineage": "0efec7c4-25a4-fe36-cce6-f08f7e734858",
  "outputs": {},
  "resources": [
    {
      "mode": "managed",
      "type": "google_app_engine_application",
      "name": "app",
      "provider": "provider[\"registry.terraform.io/hashicorp/google\"]",
      "instances": [
        {
          "schema_version": 0,
          "attributes": {
            "app_id": "budgeter-329301",
            "auth_domain": "gmail.com",
            "code_bucket": "",
            "default_bucket": "",
            "default_hostname": "budgeter-329301.uc.r.appspot.com",
            "feature_settings": [
              {
                "split_health_checks": true
              }
            ],
            "gcr_domain": "us.gcr.io",
            "id": "budgeter-329301",
            "location_id": "us-central",
            "name": "apps/budgeter-329301",
            "project": "budgeter-329301",
            "serving_status": "SERVING",
            "url_dispatch_rule": []
          },
          "sensitive_attributes": [],
          "private": "bnVsbA=="
        }
      ]
    }
  ]
}
